
Microsoft Visual Studio Solution File, Format Version 12.00
# Visual Studio Version 17
VisualStudioVersion = 17.4.33213.308
MinimumVisualStudioVersion = 10.0.40219.1
Project("{FAE04EC0-301F-11D3-BF4B-00C04F79EFBC}") = "e-apartments-app", "e-apartments-app\e-apartments-app.csproj", "{7DE8DDC3-B955-4307-A13B-15FE701C3DC2}"
EndProject
Global
	GlobalSection(SolutionConfigurationPlatforms) = preSolution
		Debug|Any CPU = Debug|Any CPU
		Release|Any CPU = Release|Any CPU
	EndGlobalSection
	GlobalSection(ProjectConfigurationPlatforms) = postSolution
		{7DE8DDC3-B955-4307-A13B-15FE701C3DC2}.Debug|Any CPU.ActiveCfg = Debug|Any CPU
		{7DE8DDC3-B955-4307-A13B-15FE701C3DC2}.Debug|Any CPU.Build.0 = Debug|Any CPU
		{7DE8DDC3-B955-4307-A13B-15FE701C3DC2}.Release|Any CPU.ActiveCfg = Release|Any CPU
		{7DE8DDC3-B955-4307-A13B-15FE701C3DC2}.Release|Any CPU.Build.0 = Release|Any CPU
	EndGlobalSection
	GlobalSection(SolutionProperties) = preSolution
		HideSolutionNode = FALSE
	EndGlobalSection
	GlobalSection(ExtensibilityGlobals) = postSolution
		SolutionGuid = {3416CB78-58B8-40FF-B554-BB825C4BC7C6}
	EndGlobalSection
EndGlobal
